
Microsoft Visual Studio Solution File, Format Version 12.00
# Visual Studio Version 16
VisualStudioVersion = 16.0.31025.194
MinimumVisualStudioVersion = 10.0.40219.1
Project("{FAE04EC0-301F-11D3-BF4B-00C04F79EFBC}") = "in class 10", "in class 10.csproj", "{30AB7F77-4D39-43F7-AD8A-C3B75D888424}"
EndProject
Global
	GlobalSection(SolutionConfigurationPlatforms) = preSolution
		Debug|Any CPU = Debug|Any CPU
		Release|Any CPU = Release|Any CPU
	EndGlobalSection
	GlobalSection(ProjectConfigurationPlatforms) = postSolution
		{30AB7F77-4D39-43F7-AD8A-C3B75D888424}.Debug|Any CPU.ActiveCfg = Debug|Any CPU
		{30AB7F77-4D39-43F7-AD8A-C3B75D888424}.Debug|Any CPU.Build.0 = Debug|Any CPU
		{30AB7F77-4D39-43F7-AD8A-C3B75D888424}.Release|Any CPU.ActiveCfg = Release|Any CPU
		{30AB7F77-4D39-43F7-AD8A-C3B75D888424}.Release|Any CPU.Build.0 = Release|Any CPU
	EndGlobalSection
	GlobalSection(SolutionProperties) = preSolution
		HideSolutionNode = FALSE
	EndGlobalSection
	GlobalSection(ExtensibilityGlobals) = postSolution
		SolutionGuid = {FF3FE0BE-0CFE-4D36-89CA-C15C5DB6C675}
	EndGlobalSection
EndGlobal
